
Microsoft Visual Studio Solution File, Format Version 12.00
# Visual Studio 15
Project("{FAE04EC0-301F-11D3-BF4B-00C04F79EFBC}") = "SendtoDean", "SendtoDean.csproj", "{F692EB53-41FC-4C9E-3904-F80E052F4C75}"
EndProject
Project("{FAE04EC0-301F-11D3-BF4B-00C04F79EFBC}") = "SendtoDean.Editor", "SendtoDean.Editor.csproj", "{CB645209-6C44-0D0B-2C6B-532D9C6683EB}"
EndProject
Global
	GlobalSection(SolutionConfigurationPlatforms) = preSolution
		Debug|Any CPU = Debug|Any CPU
		Release|Any CPU = Release|Any CPU
	EndGlobalSection
	GlobalSection(ProjectConfigurationPlatforms) = postSolution
		{F692EB53-41FC-4C9E-3904-F80E052F4C75}.Debug|Any CPU.ActiveCfg = Debug|Any CPU
		{F692EB53-41FC-4C9E-3904-F80E052F4C75}.Debug|Any CPU.Build.0 = Debug|Any CPU
		{F692EB53-41FC-4C9E-3904-F80E052F4C75}.Release|Any CPU.ActiveCfg = Release|Any CPU
		{F692EB53-41FC-4C9E-3904-F80E052F4C75}.Release|Any CPU.Build.0 = Release|Any CPU
		{CB645209-6C44-0D0B-2C6B-532D9C6683EB}.Debug|Any CPU.ActiveCfg = Debug|Any CPU
		{CB645209-6C44-0D0B-2C6B-532D9C6683EB}.Debug|Any CPU.Build.0 = Debug|Any CPU
		{CB645209-6C44-0D0B-2C6B-532D9C6683EB}.Release|Any CPU.ActiveCfg = Release|Any CPU
		{CB645209-6C44-0D0B-2C6B-532D9C6683EB}.Release|Any CPU.Build.0 = Release|Any CPU
	EndGlobalSection
	GlobalSection(SolutionProperties) = preSolution
		HideSolutionNode = FALSE
	EndGlobalSection
EndGlobal
